
Microsoft Visual Studio Solution File, Format Version 12.00
# Visual Studio Version 17
VisualStudioVersion = 17.8.34330.188
MinimumVisualStudioVersion = 10.0.40219.1
Project("{FAE04EC0-301F-11D3-BF4B-00C04F79EFBC}") = "Getri_API_Dapper", "Getri_API_Dapper\Getri_API_Dapper.csproj", "{4FC78E9C-F03D-4D82-8BC2-1D9C04893D16}"
EndProject
Global
	GlobalSection(SolutionConfigurationPlatforms) = preSolution
		Debug|Any CPU = Debug|Any CPU
		Release|Any CPU = Release|Any CPU
	EndGlobalSection
	GlobalSection(ProjectConfigurationPlatforms) = postSolution
		{4FC78E9C-F03D-4D82-8BC2-1D9C04893D16}.Debug|Any CPU.ActiveCfg = Debug|Any CPU
		{4FC78E9C-F03D-4D82-8BC2-1D9C04893D16}.Debug|Any CPU.Build.0 = Debug|Any CPU
		{4FC78E9C-F03D-4D82-8BC2-1D9C04893D16}.Release|Any CPU.ActiveCfg = Release|Any CPU
		{4FC78E9C-F03D-4D82-8BC2-1D9C04893D16}.Release|Any CPU.Build.0 = Release|Any CPU
	EndGlobalSection
	GlobalSection(SolutionProperties) = preSolution
		HideSolutionNode = FALSE
	EndGlobalSection
	GlobalSection(ExtensibilityGlobals) = postSolution
		SolutionGuid = {7F0A5648-29B6-4BBA-85E5-C4663F1D4D85}
	EndGlobalSection
EndGlobal
